{
  "name": "graith-docs",
  "lockfileVersion": 3,
  "requires": true,
  "packages": {
    "": {
      "name": "graith-docs",
      "dependencies": {
        "@grafana/faro-instrumentation-replay": "2.10.0",
        "@grafana/faro-web-sdk": "2.10.0",
        "@grafana/faro-web-tracing": "2.10.0"
      }
    },
    "node_modules/@grafana/faro-core": {
      "version": "2.10.0",
      "resolved": "https://registry.npmjs.org/@grafana/faro-core/-/faro-core-2.10.0.tgz",
      "integrity": "sha512-OoK5Gd/1Uyg8KWQVw6tqPf638C65/G7wfPtzL+f37u4lRxOY/6bzVOnRigFodcEztZ0HaqlldMPhFLD05tSxYA==",
      "license": "Apache-2.0",
      "dependencies": {
        "@opentelemetry/api": "^1.9.0",
        "@opentelemetry/otlp-transformer": "^0.221.0"
      }
    },
    "node_modules/@grafana/faro-instrumentation-replay": {
      "version": "2.10.0",
      "resolved": "https://registry.npmjs.org/@grafana/faro-instrumentation-replay/-/faro-instrumentation-replay-2.10.0.tgz",
      "integrity": "sha512-dmIZrF/dF7vl3ZFpwDGzmvjveHgw99VoAyedB4SRESVquUzOKr6e0WzYvxlErYEQbcYBOjQgbAu20loI7XeL8Q==",
      "license": "Apache-2.0",
      "dependencies": {
        "@grafana/faro-core": "^2.10.0",
        "@grafana/rrweb": "2.0.0-grafana.2",
        "@grafana/rrweb-types": "2.0.0-grafana.2"
      }
    },
    "node_modules/@grafana/faro-web-sdk": {
      "version": "2.10.0",
      "resolved": "https://registry.npmjs.org/@grafana/faro-web-sdk/-/faro-web-sdk-2.10.0.tgz",
      "integrity": "sha512-keP7CCuZ/CNA3reTZTr/ImyoLXM2jNiVCIzLZumhJ0mvyW8MC3o0pflRprlngMOxX7BZcSsOfB3/HDSiDO+FPQ==",
      "license": "Apache-2.0",
      "dependencies": {
        "@grafana/faro-core": "^2.10.0",
        "ua-parser-js": "1.0.41",
        "web-vitals": "^6.0.0"
      }
    },
    "node_modules/@grafana/faro-web-tracing": {
      "version": "2.10.0",
      "resolved": "https://registry.npmjs.org/@grafana/faro-web-tracing/-/faro-web-tracing-2.10.0.tgz",
      "integrity": "sha512-vyQaJNEwr6VHF9Rr7fDtyL+u50jzo2VYAVAlElNK/GHF4ZH3iORLcLREe3JWKNsCNO3/Wnpyu8TTAZ9+peC5OA==",
      "license": "Apache-2.0",
      "dependencies": {
        "@grafana/faro-web-sdk": "^2.10.0",
        "@opentelemetry/api": "^1.9.0",
        "@opentelemetry/core": "^2.0.0",
        "@opentelemetry/exporter-trace-otlp-http": "^0.221.0",
        "@opentelemetry/instrumentation": "^0.221.0",
        "@opentelemetry/instrumentation-fetch": "^0.221.0",
        "@opentelemetry/instrumentation-xml-http-request": "^0.221.0",
        "@opentelemetry/otlp-transformer": "^0.221.0",
        "@opentelemetry/resources": "^2.0.0",
        "@opentelemetry/sdk-trace-web": "^2.0.0",
        "@opentelemetry/semantic-conventions": "^1.32.0"
      }
    },
    "node_modules/@grafana/rrdom": {
      "version": "2.0.0-grafana.2",
      "resolved": "https://registry.npmjs.org/@grafana/rrdom/-/rrdom-2.0.0-grafana.2.tgz",
      "integrity": "sha512-eZFrDVTaoaiERuKyxv378XyzndcLz/oji8aWIIv9PD0yzCAnNA9jL9pCZvwrbas86ZEJmwKISWhioHAycPF2VA==",
      "license": "MIT",
      "dependencies": {
        "@grafana/rrweb-snapshot": "^2.0.0-grafana.2"
      }
    },
    "node_modules/@grafana/rrweb": {
      "version": "2.0.0-grafana.2",
      "resolved": "https://registry.npmjs.org/@grafana/rrweb/-/rrweb-2.0.0-grafana.2.tgz",
      "integrity": "sha512-sQZj50i0t6YjLL8vY5CogSAXusmWusWhLifGK7RXLluQhlUZLB5Qfz+DUGN17UuJoE/Zrhe0nEF2gA+LqEEUDg==",
      "license": "MIT",
      "dependencies": {
        "@grafana/rrdom": "^2.0.0-grafana.2",
        "@grafana/rrweb-snapshot": "^2.0.0-grafana.2",
        "@grafana/rrweb-types": "^2.0.0-grafana.2",
        "@grafana/rrweb-utils": "^2.0.0-grafana.2",
        "@types/css-font-loading-module": "0.0.7",
        "@xstate/fsm": "^1.4.0",
        "base64-arraybuffer": "^1.0.1",
        "mitt": "^3.0.0"
      }
    },
    "node_modules/@grafana/rrweb-snapshot": {
      "version": "2.0.0-grafana.2",
      "resolved": "https://registry.npmjs.org/@grafana/rrweb-snapshot/-/rrweb-snapshot-2.0.0-grafana.2.tgz",
      "integrity": "sha512-IFJnlW+3MmOxI53B1t1Fsu2sqrfWkA2c8pLo0jkqNmUnTqQbqEp9iuwA/mXRViMnQRm9QrpCnHf/Y5P/K5Mq6w==",
      "license": "MIT",
      "dependencies": {
        "postcss": "^8.4.38"
      }
    },
    "node_modules/@grafana/rrweb-types": {
      "version": "2.0.0-grafana.2",
      "resolved": "https://registry.npmjs.org/@grafana/rrweb-types/-/rrweb-types-2.0.0-grafana.2.tgz",
      "integrity": "sha512-/xFgQ8ztj5N0R1G6EBWoUXthcdosue9MdSIjLgLOrhAQrr6JhFzrH04NAEWzKmXSBzMEBTvbBu6L6R4NLzV2pA==",
      "license": "MIT"
    },
    "node_modules/@grafana/rrweb-utils": {
      "version": "2.0.0-grafana.2",
      "resolved": "https://registry.npmjs.org/@grafana/rrweb-utils/-/rrweb-utils-2.0.0-grafana.2.tgz",
      "integrity": "sha512-UytD4i76BZRruGUZ1O2th32FzbcItqIlcdGTXm2neW93xrhMCHXNyMTUr9OnN/rjxRcLzcjNCfFzSXD86Aq85w==",
      "license": "MIT"
    },
    "node_modules/@opentelemetry/api": {
      "version": "1.9.1",
      "resolved": "https://registry.npmjs.org/@opentelemetry/api/-/api-1.9.1.tgz",
      "integrity": "sha512-gLyJlPHPZYdAk1JENA9LeHejZe1Ti77/pTeFm/nMXmQH/HFZlcS/O2XJB+L8fkbrNSqhdtlvjBVjxwUYanNH5Q==",
      "license": "Apache-2.0",
      "engines": {
        "node": ">=8.0.0"
      }
    },
    "node_modules/@opentelemetry/api-logs": {
      "version": "0.221.0",
      "resolved": "https://registry.npmjs.org/@opentelemetry/api-logs/-/api-logs-0.221.0.tgz",
      "integrity": "sha512-OlanaW1vv7ufTqQ3/fPLI4arGt5ZoM+P8abOMki6uEYnpRazepSWDwDnnw+la7kE26SHVC18//SMccrDvLKOXQ==",
      "license": "Apache-2.0",
      "dependencies": {
        "@opentelemetry/api": "^1.3.0"
      },
      "engines": {
        "node": ">=8.0.0"
      }
    },
    "node_modules/@opentelemetry/core": {
      "version": "2.10.0",
      "resolved": "https://registry.npmjs.org/@opentelemetry/core/-/core-2.10.0.tgz",
      "integrity": "sha512-/wNZ8twnEQQA4HoHu22+vcsdru6pWPWxW+7w+FlxT6Id7PE/WIbZmVKkte+PF72e0F2dnImFeHD2syyE1Mw6MQ==",
      "license": "Apache-2.0",
      "dependencies": {
        "@opentelemetry/semantic-conventions": "^1.29.0"
      },
      "engines": {
        "node": "^18.19.0 || >=20.6.0"
      },
      "peerDependencies": {
        "@opentelemetry/api": ">=1.0.0 <1.10.0"
      }
    },
    "node_modules/@opentelemetry/exporter-trace-otlp-http": {
      "version": "0.221.0",
      "resolved": "https://registry.npmjs.org/@opentelemetry/exporter-trace-otlp-http/-/exporter-trace-otlp-http-0.221.0.tgz",
      "integrity": "sha512-AySXiKoC+meiWm6zdVj5T2LnPDZuatveBby1cMOeQteIWsYXAUxs8Sru13G2pVSPrUXz6vF+og7QVBX6GdC/oQ==",
      "license": "Apache-2.0",
      "dependencies": {
        "@opentelemetry/otlp-exporter-base": "0.221.0",
        "@opentelemetry/otlp-transformer": "0.221.0",
        "@opentelemetry/sdk-trace": "2.10.0"
      },
      "engines": {
        "node": "^18.19.0 || >=20.6.0"
      },
      "peerDependencies": {
        "@opentelemetry/api": "^1.3.0"
      }
    },
    "node_modules/@opentelemetry/instrumentation": {
      "version": "0.221.0",
      "resolved": "https://registry.npmjs.org/@opentelemetry/instrumentation/-/instrumentation-0.221.0.tgz",
      "integrity": "sha512-cCk80Z/iRDf/5gfsKMB4f74LqVA5yKETB/9ojPzVW/6/f70iu89nJvGxsFCxx4XfSohaOofkU19kiYm84AiAlw==",
      "license": "Apache-2.0",
      "dependencies": {
        "@opentelemetry/api-logs": "0.221.0",
        "import-in-the-middle": "^3.0.0",
        "require-in-the-middle": "^8.0.0"
      },
      "engines": {
        "node": "^18.19.0 || >=20.6.0"
      },
      "peerDependencies": {
        "@opentelemetry/api": "^1.3.0"
      }
    },
    "node_modules/@opentelemetry/instrumentation-fetch": {
      "version": "0.221.0",
      "resolved": "https://registry.npmjs.org/@opentelemetry/instrumentation-fetch/-/instrumentation-fetch-0.221.0.tgz",
      "integrity": "sha512-PPfEC0dIvhieidxtajOsbgFZ2RBUhCsk1ztHE6I5uinNc4JocL+UNRQY6iCBsckI0rjTwYvsYRYOJUjGyLhIug==",
      "license": "Apache-2.0",
      "dependencies": {
        "@opentelemetry/core": "2.10.0",
        "@opentelemetry/instrumentation": "0.221.0",
        "@opentelemetry/sdk-trace-web": "2.10.0",
        "@opentelemetry/semantic-conventions": "^1.29.0"
      },
      "engines": {
        "node": "^18.19.0 || >=20.6.0"
      },
      "peerDependencies": {
        "@opentelemetry/api": "^1.3.0"
      }
    },
    "node_modules/@opentelemetry/instrumentation-xml-http-request": {
      "version": "0.221.0",
      "resolved": "https://registry.npmjs.org/@opentelemetry/instrumentation-xml-http-request/-/instrumentation-xml-http-request-0.221.0.tgz",
      "integrity": "sha512-IDUcARVE3B8N4TqNseM6Gh9kH5IdLsI6tQrBs4MNNoZHTzs8j6Byv7oCtcP2A46SdT75LBdEPtNquG3/g93cVQ==",
      "license": "Apache-2.0",
      "dependencies": {
        "@opentelemetry/core": "2.10.0",
        "@opentelemetry/instrumentation": "0.221.0",
        "@opentelemetry/sdk-trace-web": "2.10.0",
        "@opentelemetry/semantic-conventions": "^1.29.0"
      },
      "engines": {
        "node": "^18.19.0 || >=20.6.0"
      },
      "peerDependencies": {
        "@opentelemetry/api": "^1.3.0"
      }
    },
    "node_modules/@opentelemetry/otlp-exporter-base": {
      "version": "0.221.0",
      "resolved": "https://registry.npmjs.org/@opentelemetry/otlp-exporter-base/-/otlp-exporter-base-0.221.0.tgz",
      "integrity": "sha512-UFPIq80OH3Ns/oPFHRj14d4DTOxUo+MUFU8hUiCq5jTqFhdeJnfVSANHT+xp92409cA+oxzvlZCe6NM1wvCuBA==",
      "license": "Apache-2.0",
      "dependencies": {
        "@opentelemetry/core": "2.10.0",
        "@opentelemetry/otlp-transformer": "0.221.0"
      },
      "engines": {
        "node": "^18.19.0 || >=20.6.0"
      },
      "peerDependencies": {
        "@opentelemetry/api": "^1.3.0"
      }
    },
    "node_modules/@opentelemetry/otlp-transformer": {
      "version": "0.221.0",
      "resolved": "https://registry.npmjs.org/@opentelemetry/otlp-transformer/-/otlp-transformer-0.221.0.tgz",
      "integrity": "sha512-lg6lkOU08Az23jVcn/0Els9HP+V8PnR4Km6p0KgpTggS0n/WuhnmY64rSh83Of9iR9nD+dpWr6adlcX8KzAwjg==",
      "license": "Apache-2.0",
      "dependencies": {
        "@opentelemetry/api-logs": "0.221.0",
        "@opentelemetry/core": "2.10.0",
        "@opentelemetry/resources": "2.10.0",
        "@opentelemetry/sdk-logs": "0.221.0",
        "@opentelemetry/sdk-metrics": "2.10.0",
        "@opentelemetry/sdk-trace": "2.10.0"
      },
      "engines": {
        "node": "^18.19.0 || >=20.6.0"
      },
      "peerDependencies": {
        "@opentelemetry/api": "^1.3.0"
      }
    },
    "node_modules/@opentelemetry/resources": {
      "version": "2.10.0",
      "resolved": "https://registry.npmjs.org/@opentelemetry/resources/-/resources-2.10.0.tgz",
      "integrity": "sha512-q6MMm2zhggzsHVNbabYwut+a6nbuQQe3URUoxaojM/8K1IBfwwPzvxIjNi2/lI1TFe+fMHMW9MWhrtDLEXEnkA==",
      "license": "Apache-2.0",
      "dependencies": {
        "@opentelemetry/core": "2.10.0",
        "@opentelemetry/semantic-conventions": "^1.29.0"
      },
      "engines": {
        "node": "^18.19.0 || >=20.6.0"
      },
      "peerDependencies": {
        "@opentelemetry/api": ">=1.3.0 <1.10.0"
      }
    },
    "node_modules/@opentelemetry/sdk-logs": {
      "version": "0.221.0",
      "resolved": "https://registry.npmjs.org/@opentelemetry/sdk-logs/-/sdk-logs-0.221.0.tgz",
      "integrity": "sha512-FaDcazjyMp7TZZZAsqbo4IkovP0UegoCu0EBkiNt+qCqvUf7FPAsfcrZ3+ZEkKgXZ/jHafop+JoGPDk3A0SmLg==",
      "license": "Apache-2.0",
      "dependencies": {
        "@opentelemetry/api-logs": "0.221.0",
        "@opentelemetry/core": "2.10.0",
        "@opentelemetry/resources": "2.10.0",
        "@opentelemetry/semantic-conventions": "^1.29.0"
      },
      "engines": {
        "node": "^18.19.0 || >=20.6.0"
      },
      "peerDependencies": {
        "@opentelemetry/api": ">=1.4.0 <1.10.0"
      }
    },
    "node_modules/@opentelemetry/sdk-metrics": {
      "version": "2.10.0",
      "resolved": "https://registry.npmjs.org/@opentelemetry/sdk-metrics/-/sdk-metrics-2.10.0.tgz",
      "integrity": "sha512-t6r1VSvXNtSDnPXU1FbZeetJb7yyovHmgu0wRSoftxtE0g2rSNhQZQUy69sRUCL+iioJpX8SN/S6wq6ZtvLySQ==",
      "license": "Apache-2.0",
      "dependencies": {
        "@opentelemetry/core": "2.10.0",
        "@opentelemetry/resources": "2.10.0"
      },
      "engines": {
        "node": "^18.19.0 || >=20.6.0"
      },
      "peerDependencies": {
        "@opentelemetry/api": ">=1.9.0 <1.10.0"
      }
    },
    "node_modules/@opentelemetry/sdk-trace": {
      "version": "2.10.0",
      "resolved": "https://registry.npmjs.org/@opentelemetry/sdk-trace/-/sdk-trace-2.10.0.tgz",
      "integrity": "sha512-MfQGq3GRmTh5fM/y+OjaO0vj6+luCB1XO2gfXCalKCfgKw0eHL++sm75DNweC6ohlp+aFvACqeE0fYayqdRaoQ==",
      "license": "Apache-2.0",
      "dependencies": {
        "@opentelemetry/core": "2.10.0",
        "@opentelemetry/resources": "2.10.0",
        "@opentelemetry/semantic-conventions": "^1.29.0"
      },
      "engines": {
        "node": "^18.19.0 || >=20.6.0"
      },
      "peerDependencies": {
        "@opentelemetry/api": ">=1.3.0 <1.10.0"
      }
    },
    "node_modules/@opentelemetry/sdk-trace-base": {
      "version": "2.10.0",
      "resolved": "https://registry.npmjs.org/@opentelemetry/sdk-trace-base/-/sdk-trace-base-2.10.0.tgz",
      "integrity": "sha512-GuYQQT7QD2EeO8lcZLRQzcbOyhqAzL+6WWTKTU9mSUBYBazkEDl+VrQcXQhbB08OWM9anD1aHleVadzulpOaUQ==",
      "license": "Apache-2.0",
      "dependencies": {
        "@opentelemetry/core": "2.10.0",
        "@opentelemetry/resources": "2.10.0",
        "@opentelemetry/sdk-trace": "2.10.0",
        "@opentelemetry/semantic-conventions": "^1.29.0"
      },
      "engines": {
        "node": "^18.19.0 || >=20.6.0"
      },
      "peerDependencies": {
        "@opentelemetry/api": ">=1.3.0 <1.10.0"
      }
    },
    "node_modules/@opentelemetry/sdk-trace-web": {
      "version": "2.10.0",
      "resolved": "https://registry.npmjs.org/@opentelemetry/sdk-trace-web/-/sdk-trace-web-2.10.0.tgz",
      "integrity": "sha512-6WqXdWSlBH0GNjDhv1gg6SLVtMtIBVhLaWqd1hiKSXS8meXXP13sVPQoYFHz1uVo0feUTUCdP9vMS54KflisAw==",
      "license": "Apache-2.0",
      "dependencies": {
        "@opentelemetry/core": "2.10.0",
        "@opentelemetry/sdk-trace-base": "2.10.0"
      },
      "engines": {
        "node": "^18.19.0 || >=20.6.0"
      },
      "peerDependencies": {
        "@opentelemetry/api": ">=1.0.0 <1.10.0"
      }
    },
    "node_modules/@opentelemetry/semantic-conventions": {
      "version": "1.43.0",
      "resolved": "https://registry.npmjs.org/@opentelemetry/semantic-conventions/-/semantic-conventions-1.43.0.tgz",
      "integrity": "sha512-eSYWTm620tTk45EKSedaUL8MFYI8hW164hIXsgIHyxu3VobUB3fFCu5t0hQby6OoWRPsG1KkKUG2M5UadiLiVg==",
      "license": "Apache-2.0",
      "engines": {
        "node": ">=14"
      }
    },
    "node_modules/@types/css-font-loading-module": {
      "version": "0.0.7",
      "resolved": "https://registry.npmjs.org/@types/css-font-loading-module/-/css-font-loading-module-0.0.7.tgz",
      "integrity": "sha512-nl09VhutdjINdWyXxHWN/w9zlNCfr60JUqJbd24YXUuCwgeL0TpFSdElCwb6cxfB6ybE19Gjj4g0jsgkXxKv1Q==",
      "license": "MIT"
    },
    "node_modules/@xstate/fsm": {
      "version": "1.6.5",
      "resolved": "https://registry.npmjs.org/@xstate/fsm/-/fsm-1.6.5.tgz",
      "integrity": "sha512-b5o1I6aLNeYlU/3CPlj/Z91ybk1gUsKT+5NAJI+2W4UjvS5KLG28K9v5UvNoFVjHV8PajVZ00RH3vnjyQO7ZAw==",
      "license": "MIT"
    },
    "node_modules/base64-arraybuffer": {
      "version": "1.0.2",
      "resolved": "https://registry.npmjs.org/base64-arraybuffer/-/base64-arraybuffer-1.0.2.tgz",
      "integrity": "sha512-I3yl4r9QB5ZRY3XuJVEPfc2XhZO6YweFPI+UovAzn+8/hb3oJ6lnysaFcjVpkCPfVWFUDvoZ8kmVDP7WyRtYtQ==",
      "license": "MIT",
      "engines": {
        "node": ">= 0.6.0"
      }
    },
    "node_modules/cjs-module-lexer": {
      "version": "2.2.1",
      "resolved": "https://registry.npmjs.org/cjs-module-lexer/-/cjs-module-lexer-2.2.1.tgz",
      "integrity": "sha512-Ca8swihM+/4yKecYHY52kgJd300hi2lADU/a1RxNTRe+RJ9jvqQlESpbz9DnG9mowez8qwXHB8qYdIUw9e+F5Q==",
      "license": "MIT"
    },
    "node_modules/debug": {
      "version": "4.4.3",
      "resolved": "https://registry.npmjs.org/debug/-/debug-4.4.3.tgz",
      "integrity": "sha512-RGwwWnwQvkVfavKVt22FGLw+xYSdzARwm0ru6DhTVA3umU5hZc28V3kO4stgYryrTlLpuvgI9GiijltAjNbcqA==",
      "license": "MIT",
      "dependencies": {
        "ms": "^2.1.3"
      },
      "engines": {
        "node": ">=6.0"
      },
      "peerDependenciesMeta": {
        "supports-color": {
          "optional": true
        }
      }
    },
    "node_modules/es-module-lexer": {
      "version": "2.3.2",
      "resolved": "https://registry.npmjs.org/es-module-lexer/-/es-module-lexer-2.3.2.tgz",
      "integrity": "sha512-poHGpORABojJJucnV9KbOavETW8lBVnphkW77ER5/BQ5Fz7oXSoCNek7IH3vR5nRjdsEz926ibFYX8KtLQmdyw==",
      "license": "MIT"
    },
    "node_modules/import-in-the-middle": {
      "version": "3.3.3",
      "resolved": "https://registry.npmjs.org/import-in-the-middle/-/import-in-the-middle-3.3.3.tgz",
      "integrity": "sha512-AiohS3H80sXO6owEltjGX+glb7qXaDhBoJb9XcQVH4UI207xu/bDLUcadVKp7Qe576reg9yr/PXZjV5qx8gfbA==",
      "license": "Apache-2.0",
      "dependencies": {
        "cjs-module-lexer": "^2.2.0",
        "es-module-lexer": "^2.2.0",
        "module-details-from-path": "^1.0.4"
      },
      "engines": {
        "node": ">=18"
      }
    },
    "node_modules/mitt": {
      "version": "3.0.1",
      "resolved": "https://registry.npmjs.org/mitt/-/mitt-3.0.1.tgz",
      "integrity": "sha512-vKivATfr97l2/QBCYAkXYDbrIWPM2IIKEl7YPhjCvKlG3kE2gm+uBo6nEXK3M5/Ffh/FLpKExzOQ3JJoJGFKBw==",
      "license": "MIT"
    },
    "node_modules/module-details-from-path": {
      "version": "1.0.4",
      "resolved": "https://registry.npmjs.org/module-details-from-path/-/module-details-from-path-1.0.4.tgz",
      "integrity": "sha512-EGWKgxALGMgzvxYF1UyGTy0HXX/2vHLkw6+NvDKW2jypWbHpjQuj4UMcqQWXHERJhVGKikolT06G3bcKe4fi7w==",
      "license": "MIT"
    },
    "node_modules/ms": {
      "version": "2.1.3",
      "resolved": "https://registry.npmjs.org/ms/-/ms-2.1.3.tgz",
      "integrity": "sha512-6FlzubTLZG3J2a/NVCAleEhjzq5oxgHyaCU9yYXvcLsvoVaHJq/s5xXI6/XXP6tz7R9xAOtHnSO/tXtF3WRTlA==",
      "license": "MIT"
    },
    "node_modules/nanoid": {
      "version": "3.3.18",
      "resolved": "https://registry.npmjs.org/nanoid/-/nanoid-3.3.18.tgz",
      "integrity": "sha512-DTg4MJbGMWkfi6VZFdNt2/caMbQy4Ou+Op/hJQvGEWcnVfoA1QA+xzRKAzw9jD6+GVOOeYr/mIcuDSdug6F6+w==",
      "funding": [
        {
          "type": "github",
          "url": "https://github.com/sponsors/ai"
        }
      ],
      "license": "MIT",
      "bin": {
        "nanoid": "bin/nanoid.cjs"
      },
      "engines": {
        "node": "^10 || ^12 || ^13.7 || ^14 || >=15.0.1"
      }
    },
    "node_modules/picocolors": {
      "version": "1.1.1",
      "resolved": "https://registry.npmjs.org/picocolors/-/picocolors-1.1.1.tgz",
      "integrity": "sha512-xceH2snhtb5M9liqDsmEw56le376mTZkEX/jEb/RxNFyegNul7eNslCXP9FDj/Lcu0X8KEyMceP2ntpaHrDEVA==",
      "license": "ISC"
    },
    "node_modules/postcss": {
      "version": "8.5.26",
      "resolved": "https://registry.npmjs.org/postcss/-/postcss-8.5.26.tgz",
      "integrity": "sha512-u82N74LFzG8ca+dD8puPnplTXoGH4fTPpVGuIbt36G3qvNlkvfD0lEAZSxaly3KX8TS/L1A1gsCEmvKmBcVbkQ==",
      "funding": [
        {
          "type": "opencollective",
          "url": "https://opencollective.com/postcss/"
        },
        {
          "type": "tidelift",
          "url": "https://tidelift.com/funding/github/npm/postcss"
        },
        {
          "type": "github",
          "url": "https://github.com/sponsors/ai"
        }
      ],
      "license": "MIT",
      "dependencies": {
        "nanoid": "^3.3.17",
        "picocolors": "^1.1.1",
        "source-map-js": "^1.2.1"
      },
      "engines": {
        "node": "^10 || ^12 || >=14"
      }
    },
    "node_modules/require-in-the-middle": {
      "version": "8.0.1",
      "resolved": "https://registry.npmjs.org/require-in-the-middle/-/require-in-the-middle-8.0.1.tgz",
      "integrity": "sha512-QT7FVMXfWOYFbeRBF6nu+I6tr2Tf3u0q8RIEjNob/heKY/nh7drD/k7eeMFmSQgnTtCzLDcCu/XEnpW2wk4xCQ==",
      "license": "MIT",
      "dependencies": {
        "debug": "^4.3.5",
        "module-details-from-path": "^1.0.3"
      },
      "engines": {
        "node": ">=9.3.0 || >=8.10.0 <9.0.0"
      }
    },
    "node_modules/source-map-js": {
      "version": "1.2.1",
      "resolved": "https://registry.npmjs.org/source-map-js/-/source-map-js-1.2.1.tgz",
      "integrity": "sha512-UXWMKhLOwVKb728IUtQPXxfYU+usdybtUrK/8uGE8CQMvrhOpwvzDBwj0QhSL7MQc7vIsISBG8VQ8+IDQxpfQA==",
      "license": "BSD-3-Clause",
      "engines": {
        "node": ">=0.10.0"
      }
    },
    "node_modules/ua-parser-js": {
      "version": "1.0.41",
      "resolved": "https://registry.npmjs.org/ua-parser-js/-/ua-parser-js-1.0.41.tgz",
      "integrity": "sha512-LbBDqdIC5s8iROCUjMbW1f5dJQTEFB1+KO9ogbvlb3nm9n4YHa5p4KTvFPWvh2Hs8gZMBuiB1/8+pdfe/tDPug==",
      "funding": [
        {
          "type": "opencollective",
          "url": "https://opencollective.com/ua-parser-js"
        },
        {
          "type": "paypal",
          "url": "https://paypal.me/faisalman"
        },
        {
          "type": "github",
          "url": "https://github.com/sponsors/faisalman"
        }
      ],
      "license": "MIT",
      "bin": {
        "ua-parser-js": "script/cli.js"
      },
      "engines": {
        "node": "*"
      }
    },
    "node_modules/web-vitals": {
      "version": "6.1.1",
      "resolved": "https://registry.npmjs.org/web-vitals/-/web-vitals-6.1.1.tgz",
      "integrity": "sha512-r93gKnR6ZC2O8F3JrS0AAGIQ0v0OhXuyg4DAj2oG7K+GPkwXfUSc3ZcWeu50AsV5yIc6xxnTjERipJ6EvSw2vg==",
      "license": "Apache-2.0"
    }
  }
}
